// !$*UTF8*$!
{
	archiveVersion = 1;
	classes = {
	};
	objectVersion = 46;
	objects = {

/* Begin PBXBuildFile section */
		0651A2581D0FF90A00E98909 /* main.swift in Sources */ = {isa = PBXBuildFile; fileRef = 0651A2571D0FF90A00E98909 /* main.swift */; };
		06C5C2B01D117DFB009965CB /* sessions.json in CopyFiles */ = {isa = PBXBuildFile; fileRef = 06C5C2AE1D1167ED009965CB /* sessions.json */; };
/* End PBXBuildFile section */

/* Begin PBXCopyFilesBuildPhase section */
		06C5C2AF1D117DF0009965CB /* CopyFiles */ = {
			isa = PBXCopyFilesBuildPhase;
			buildActionMask = 2147483647;
			dstPath = "";
			dstSubfolderSpec = 7;
			files = (
				06C5C2B01D117DFB009965CB /* sessions.json in CopyFiles */,
			);
			runOnlyForDeploymentPostprocessing = 0;
		};
/* End PBXCopyFilesBuildPhase section */

/* Begin PBXFileReference section */
		0651A2541D0FF90A00E98909 /* WWDCSessionsImporter.app */ = {isa = PBXFileReference; explicitFileType = wrapper.application; includeInIndex = 0; path = WWDCSessionsImporter.app; sourceTree = BUILT_PRODUCTS_DIR; };
		0651A2571D0FF90A00E98909 /* main.swift */ = {isa = PBXFileReference; lastKnownFileType = sourcecode.swift; path = main.swift; sourceTree = "<group>"; };
		0651A2591D0FF90A00E98909 /* Info.plist */ = {isa = PBXFileReference; lastKnownFileType = text.plist.xml; path = Info.plist; sourceTree = "<group>"; };
		06C5C2AE1D1167ED009965CB /* sessions.json */ = {isa = PBXFileReference; lastKnownFileType = text.json; path = sessions.json; sourceTree = "<group>"; };
/* End PBXFileReference section */

/* Begin PBXFrameworksBuildPhase section */
		0651A2521D0FF90A00E98909 /* Frameworks */ = {
			isa = PBXFrameworksBuildPhase;
			buildActionMask = 2147483647;
			files = (
			);
			runOnlyForDeploymentPostprocessing = 0;
		};
/* End PBXFrameworksBuildPhase section */

/* Begin PBXGroup section */
		0651A24C1D0FF90A00E98909 = {
			isa = PBXGroup;
			children = (
				0651A2561D0FF90A00E98909 /* WWDCSessionsImporter */,
				0651A2551D0FF90A00E98909 /* Products */,
			);
			sourceTree = "<group>";
		};
		0651A2551D0FF90A00E98909 /* Products */ = {
			isa = PBXGroup;
			children = (
				0651A2541D0FF90A00E98909 /* WWDCSessionsImporter.app */,
			);
			name = Products;
			sourceTree = "<group>";
		};
		0651A2561D0FF90A00E98909 /* WWDCSessionsImporter */ = {
			isa = PBXGroup;
			children = (
				0651A25F1D1017B300E98909 /* Resources */,
				0651A2571D0FF90A00E98909 /* main.swift */,
				0651A2591D0FF90A00E98909 /* Info.plist */,
			);
			path = WWDCSessionsImporter;
			sourceTree = "<group>";
		};
		0651A25F1D1017B300E98909 /* Resources */ = {
			isa = PBXGroup;
			children = (
				06C5C2AE1D1167ED009965CB /* sessions.json */,
			);
			name = Resources;
			sourceTree = "<group>";
		};
/* End PBXGroup section */

/* Begin PBXNativeTarget section */
		0651A2531D0FF90A00E98909 /* WWDCSessionsImporter */ = {
			isa = PBXNativeTarget;
			buildConfigurationList = 0651A25C1D0FF90A00E98909 /* Build configuration list for PBXNativeTarget "WWDCSessionsImporter" */;
			buildPhases = (
				0651A2511D0FF90A00E98909 /* Sources */,
				0651A2521D0FF90A00E98909 /* Frameworks */,
				06C5C2AF1D117DF0009965CB /* CopyFiles */,
			);
			buildRules = (
			);
			dependencies = (
			);
			name = WWDCSessionsImporter;
			productName = WWDCSessionsImporter;
			productReference = 0651A2541D0FF90A00E98909 /* WWDCSessionsImporter.app */;
			productType = "com.apple.product-type.application";
		};
/* End PBXNativeTarget section */

/* Begin PBXProject section */
		0651A24D1D0FF90A00E98909 /* Project object */ = {
			isa = PBXProject;
			attributes = {
				LastSwiftUpdateCheck = 0730;
				LastUpgradeCheck = 0730;
				ORGANIZATIONNAME = com.Macoscope;
				TargetAttributes = {
					0651A2531D0FF90A00E98909 = {
						CreatedOnToolsVersion = 7.3.1;
					};
				};
			};
			buildConfigurationList = 0651A2501D0FF90A00E98909 /* Build configuration list for PBXProject "WWDCSessionsImporter" */;
			compatibilityVersion = "Xcode 3.2";
			developmentRegion = English;
			hasScannedForEncodings = 0;
			knownRegions = (
				en,
			);
			mainGroup = 0651A24C1D0FF90A00E98909;
			productRefGroup = 0651A2551D0FF90A00E98909 /* Products */;
			projectDirPath = "";
			projectRoot = "";
			targets = (
				0651A2531D0FF90A00E98909 /* WWDCSessionsImporter */,
			);
		};
/* End PBXProject section */

/* Begin PBXSourcesBuildPhase section */
		0651A2511D0FF90A00E98909 /* Sources */ = {
			isa = PBXSourcesBuildPhase;
			buildActionMask = 2147483647;
			files = (
				0651A2581D0FF90A00E98909 /* main.swift in Sources */,
			);
			runOnlyForDeploymentPostprocessing = 0;
		};
/* End PBXSourcesBuildPhase section */

/* Begin XCBuildConfiguration section */
		0651A25A1D0FF90A00E98909 /* Debug */ = {
			isa = XCBuildConfiguration;
			buildSettings = {
				ALWAYS_SEARCH_USER_PATHS = NO;
				CLANG_CXX_LANGUAGE_STANDARD = "gnu++0x";
				CLANG_CXX_LIBRARY = "libc++";
				CLANG_ENABLE_MODULES = YES;
				CLANG_ENABLE_OBJC_ARC = YES;
				CLANG_WARN_BOOL_CONVERSION = YES;
				CLANG_WARN_CONSTANT_CONVERSION = YES;
				CLANG_WARN_DIRECT_OBJC_ISA_USAGE = YES_ERROR;
				CLANG_WARN_EMPTY_BODY = YES;
				CLANG_WARN_ENUM_CONVERSION = YES;
				CLANG_WARN_INT_CONVERSION = YES;
				CLANG_WARN_OBJC_ROOT_CLASS = YES_ERROR;
				CLANG_WARN_UNREACHABLE_CODE = YES;
				CLANG_WARN__DUPLICATE_METHOD_MATCH = YES;
				CODE_SIGN_IDENTITY = "-";
				COPY_PHASE_STRIP = NO;
				DEBUG_INFORMATION_FORMAT = dwarf;
				ENABLE_STRICT_OBJC_MSGSEND = YES;
				ENABLE_TESTABILITY = YES;
				GCC_C_LANGUAGE_STANDARD = gnu99;
				GCC_DYNAMIC_NO_PIC = NO;
				GCC_NO_COMMON_BLOCKS = YES;
				GCC_OPTIMIZATION_LEVEL = 0;
				GCC_PREPROCESSOR_DEFINITIONS = (
					"DEBUG=1",
					"$(inherited)",
				);
				GCC_WARN_64_TO_32_BIT_CONVERSION = YES;
				GCC_WARN_ABOUT_RETURN_TYPE = YES_ERROR;
				GCC_WARN_UNDECLARED_SELECTOR = YES;
				GCC_WARN_UNINITIALIZED_AUTOS = YES_AGGRESSIVE;
				GCC_WARN_UNUSED_FUNCTION = YES;
				GCC_WARN_UNUSED_VARIABLE = YES;
				MACOSX_DEPLOYMENT_TARGET = 10.11;
				MTL_ENABLE_DEBUG_INFO = YES;
				ONLY_ACTIVE_ARCH = YES;
				SDKROOT = macosx;
			};
			name = Debug;
		};
		0651A25B1D0FF90A00E98909 /* Release */ = {
			isa = XCBuildConfiguration;
			buildSettings = {
				ALWAYS_SEARCH_USER_PATHS = NO;
				CLANG_CXX_LANGUAGE_STANDARD = "gnu++0x";
				CLANG_CXX_LIBRARY = "libc++";
				CLANG_ENABLE_MODULES = YES;
				CLANG_ENABLE_OBJC_ARC = YES;
				CLANG_WARN_BOOL_CONVERSION = YES;
				CLANG_WARN_CONSTANT_CONVERSION = YES;
				CLANG_WARN_DIRECT_OBJC_ISA_USAGE = YES_ERROR;
				CLANG_WARN_EMPTY_BODY = YES;
				CLANG_WARN_ENUM_CONVERSION = YES;
				CLANG_WARN_INT_CONVERSION = YES;
				CLANG_WARN_OBJC_ROOT_CLASS = YES_ERROR;
				CLANG_WARN_UNREACHABLE_CODE = YES;
				CLANG_WARN__DUPLICATE_METHOD_MATCH = YES;
				CODE_SIGN_IDENTITY = "-";
				COPY_PHASE_STRIP = NO;
				DEBUG_INFORMATION_FORMAT = "dwarf-with-dsym";
				ENABLE_NS_ASSERTIONS = NO;
				ENABLE_STRICT_OBJC_MSGSEND = YES;
				GCC_C_LANGUAGE_STANDARD = gnu99;
				GCC_NO_COMMON_BLOCKS = YES;
				GCC_WARN_64_TO_32_BIT_CONVERSION = YES;
				GCC_WARN_ABOUT_RETURN_TYPE = YES_ERROR;
				GCC_WARN_UNDECLARED_SELECTOR = YES;
				GCC_WARN_UNINITIALIZED_AUTOS = YES_AGGRESSIVE;
				GCC_WARN_UNUSED_FUNCTION = YES;
				GCC_WARN_UNUSED_VARIABLE = YES;
				MACOSX_DEPLOYMENT_TARGET = 10.11;
				MTL_ENABLE_DEBUG_INFO = NO;
				SDKROOT = macosx;
			};
			name = Release;
		};
		0651A25D1D0FF90A00E98909 /* Debug */ = {
			isa = XCBuildConfiguration;
			buildSettings = {
				INFOPLIST_FILE = WWDCSessionsImporter/Info.plist;
				LD_RUNPATH_SEARCH_PATHS = "$(inherited) @executable_path/Frameworks @executable_path/../Frameworks";
				PRODUCT_BUNDLE_IDENTIFIER = com.Macoscope.WWDCSessionsImporter;
				PRODUCT_NAME = "$(TARGET_NAME)";
			};
			name = Debug;
		};
		0651A25E1D0FF90A00E98909 /* Release */ = {
			isa = XCBuildConfiguration;
			buildSettings = {
				INFOPLIST_FILE = WWDCSessionsImporter/Info.plist;
				LD_RUNPATH_SEARCH_PATHS = "$(inherited) @executable_path/Frameworks @executable_path/../Frameworks";
				PRODUCT_BUNDLE_IDENTIFIER = com.Macoscope.WWDCSessionsImporter;
				PRODUCT_NAME = "$(TARGET_NAME)";
			};
			name = Release;
		};
/* End XCBuildConfiguration section */

/* Begin XCConfigurationList section */
		0651A2501D0FF90A00E98909 /* Build configuration list for PBXProject "WWDCSessionsImporter" */ = {
			isa = XCConfigurationList;
			buildConfigurations = (
				0651A25A1D0FF90A00E98909 /* Debug */,
				0651A25B1D0FF90A00E98909 /* Release */,
			);
			defaultConfigurationIsVisible = 0;
			defaultConfigurationName = Release;
		};
		0651A25C1D0FF90A00E98909 /* Build configuration list for PBXNativeTarget "WWDCSessionsImporter" */ = {
			isa = XCConfigurationList;
			buildConfigurations = (
				0651A25D1D0FF90A00E98909 /* Debug */,
				0651A25E1D0FF90A00E98909 /* Release */,
			);
			defaultConfigurationIsVisible = 0;
			defaultConfigurationName = Release;
		};
/* End XCConfigurationList section */
	};
	rootObject = 0651A24D1D0FF90A00E98909 /* Project object */;
}
